// !$*UTF8*$!
{
	archiveVersion = 1;
	classes = {
	};
	objectVersion = 55;
	objects = {

/* Begin PBXBuildFile section */
		79970EE927BFA65C007DFCE9 /* SwiftUIdatepickerApp.swift in Sources */ = {isa = PBXBuildFile; fileRef = 79970EE827BFA65C007DFCE9 /* SwiftUIdatepickerApp.swift */; };
		79970EEB27BFA65C007DFCE9 /* ContentView.swift in Sources */ = {isa = PBXBuildFile; fileRef = 79970EEA27BFA65C007DFCE9 /* ContentView.swift */; };
		79970EED27BFA660007DFCE9 /* Assets.xcassets in Resources */ = {isa = PBXBuildFile; fileRef = 79970EEC27BFA660007DFCE9 /* Assets.xcassets */; };
		79970EF027BFA660007DFCE9 /* Preview Assets.xcassets in Resources */ = {isa = PBXBuildFile; fileRef = 79970EEF27BFA660007DFCE9 /* Preview Assets.xcassets */; };
		79970EFA27BFA661007DFCE9 /* SwiftUIdatepickerTests.swift in Sources */ = {isa = PBXBuildFile; fileRef = 79970EF927BFA661007DFCE9 /* SwiftUIdatepickerTests.swift */; };
		79970F0427BFA661007DFCE9 /* SwiftUIdatepickerUITests.swift in Sources */ = {isa = PBXBuildFile; fileRef = 79970F0327BFA661007DFCE9 /* SwiftUIdatepickerUITests.swift */; };
		79970F0627BFA661007DFCE9 /* SwiftUIdatepickerUITestsLaunchTests.swift in Sources */ = {isa = PBXBuildFile; fileRef = 79970F0527BFA661007DFCE9 /* SwiftUIdatepickerUITestsLaunchTests.swift */; };
/* End PBXBuildFile section */

/* Begin PBXContainerItemProxy section */
		79970EF627BFA661007DFCE9 /* PBXContainerItemProxy */ = {
			isa = PBXContainerItemProxy;
			containerPortal = 79970EDD27BFA65C007DFCE9 /* Project object */;
			proxyType = 1;
			remoteGlobalIDString = 79970EE427BFA65C007DFCE9;
			remoteInfo = SwiftUIdatepicker;
		};
		79970F0027BFA661007DFCE9 /* PBXContainerItemProxy */ = {
			isa = PBXContainerItemProxy;
			containerPortal = 79970EDD27BFA65C007DFCE9 /* Project object */;
			proxyType = 1;
			remoteGlobalIDString = 79970EE427BFA65C007DFCE9;
			remoteInfo = SwiftUIdatepicker;
		};
/* End PBXContainerItemProxy section */

/* Begin PBXFileReference section */
		79970EE527BFA65C007DFCE9 /* SwiftUIdatepicker.app */ = {isa = PBXFileReference; explicitFileType = wrapper.application; includeInIndex = 0; path = SwiftUIdatepicker.app; sourceTree = BUILT_PRODUCTS_DIR; };
		79970EE827BFA65C007DFCE9 /* SwiftUIdatepickerApp.swift */ = {isa = PBXFileReference; lastKnownFileType = sourcecode.swift; path = SwiftUIdatepickerApp.swift; sourceTree = "<group>"; };
		79970EEA27BFA65C007DFCE9 /* ContentView.swift */ = {isa = PBXFileReference; lastKnownFileType = sourcecode.swift; path = ContentView.swift; sourceTree = "<group>"; };
		79970EEC27BFA660007DFCE9 /* Assets.xcassets */ = {isa = PBXFileReference; lastKnownFileType = folder.assetcatalog; path = Assets.xcassets; sourceTree = "<group>"; };
		79970EEF27BFA660007DFCE9 /* Preview Assets.xcassets */ = {isa = PBXFileReference; lastKnownFileType = folder.assetcatalog; path = "Preview Assets.xcassets"; sourceTree = "<group>"; };
		79970EF527BFA661007DFCE9 /* SwiftUIdatepickerTests.xctest */ = {isa = PBXFileReference; explicitFileType = wrapper.cfbundle; includeInIndex = 0; path = SwiftUIdatepickerTests.xctest; sourceTree = BUILT_PRODUCTS_DIR; };
		79970EF927BFA661007DFCE9 /* SwiftUIdatepickerTests.swift */ = {isa = PBXFileReference; lastKnownFileType = sourcecode.swift; path = SwiftUIdatepickerTests.swift; sourceTree = "<group>"; };
		79970EFF27BFA661007DFCE9 /* SwiftUIdatepickerUITests.xctest */ = {isa = PBXFileReference; explicitFileType = wrapper.cfbundle; includeInIndex = 0; path = SwiftUIdatepickerUITests.xctest; sourceTree = BUILT_PRODUCTS_DIR; };
		79970F0327BFA661007DFCE9 /* SwiftUIdatepickerUITests.swift */ = {isa = PBXFileReference; lastKnownFileType = sourcecode.swift; path = SwiftUIdatepickerUITests.swift; sourceTree = "<group>"; };
		79970F0527BFA661007DFCE9 /* SwiftUIdatepickerUITestsLaunchTests.swift */ = {isa = PBXFileReference; lastKnownFileType = sourcecode.swift; path = SwiftUIdatepickerUITestsLaunchTests.swift; sourceTree = "<group>"; };
/* End PBXFileReference section */

/* Begin PBXFrameworksBuildPhase section */
		79970EE227BFA65C007DFCE9 /* Frameworks */ = {
			isa = PBXFrameworksBuildPhase;
			buildActionMask = 2147483647;
			files = (
			);
			runOnlyForDeploymentPostprocessing = 0;
		};
		79970EF227BFA661007DFCE9 /* Frameworks */ = {
			isa = PBXFrameworksBuildPhase;
			buildActionMask = 2147483647;
			files = (
			);
			runOnlyForDeploymentPostprocessing = 0;
		};
		79970EFC27BFA661007DFCE9 /* Frameworks */ = {
			isa = PBXFrameworksBuildPhase;
			buildActionMask = 2147483647;
			files = (
			);
			runOnlyForDeploymentPostprocessing = 0;
		};
/* End PBXFrameworksBuildPhase section */

/* Begin PBXGroup section */
		79970EDC27BFA65C007DFCE9 = {
			isa = PBXGroup;
			children = (
				79970EE727BFA65C007DFCE9 /* SwiftUIdatepicker */,
				79970EF827BFA661007DFCE9 /* SwiftUIdatepickerTests */,
				79970F0227BFA661007DFCE9 /* SwiftUIdatepickerUITests */,
				79970EE627BFA65C007DFCE9 /* Products */,
			);
			sourceTree = "<group>";
		};
		79970EE627BFA65C007DFCE9 /* Products */ = {
			isa = PBXGroup;
			children = (
				79970EE527BFA65C007DFCE9 /* SwiftUIdatepicker.app */,
				79970EF527BFA661007DFCE9 /* SwiftUIdatepickerTests.xctest */,
				79970EFF27BFA661007DFCE9 /* SwiftUIdatepickerUITests.xctest */,
			);
			name = Products;
			sourceTree = "<group>";
		};
		79970EE727BFA65C007DFCE9 /* SwiftUIdatepicker */ = {
			isa = PBXGroup;
			children = (
				79970EE827BFA65C007DFCE9 /* SwiftUIdatepickerApp.swift */,
				79970EEA27BFA65C007DFCE9 /* ContentView.swift */,
				79970EEC27BFA660007DFCE9 /* Assets.xcassets */,
				79970EEE27BFA660007DFCE9 /* Preview Content */,
			);
			path = SwiftUIdatepicker;
			sourceTree = "<group>";
		};
		79970EEE27BFA660007DFCE9 /* Preview Content */ = {
			isa = PBXGroup;
			children = (
				79970EEF27BFA660007DFCE9 /* Preview Assets.xcassets */,
			);
			path = "Preview Content";
			sourceTree = "<group>";
		};
		79970EF827BFA661007DFCE9 /* SwiftUIdatepickerTests */ = {
			isa = PBXGroup;
			children = (
				79970EF927BFA661007DFCE9 /* SwiftUIdatepickerTests.swift */,
			);
			path = SwiftUIdatepickerTests;
			sourceTree = "<group>";
		};
		79970F0227BFA661007DFCE9 /* SwiftUIdatepickerUITests */ = {
			isa = PBXGroup;
			children = (
				79970F0327BFA661007DFCE9 /* SwiftUIdatepickerUITests.swift */,
				79970F0527BFA661007DFCE9 /* SwiftUIdatepickerUITestsLaunchTests.swift */,
			);
			path = SwiftUIdatepickerUITests;
			sourceTree = "<group>";
		};
/* End PBXGroup section */

/* Begin PBXNativeTarget section */
		79970EE427BFA65C007DFCE9 /* SwiftUIdatepicker */ = {
			isa = PBXNativeTarget;
			buildConfigurationList = 79970F0927BFA661007DFCE9 /* Build configuration list for PBXNativeTarget "SwiftUIdatepicker" */;
			buildPhases = (
				79970EE127BFA65C007DFCE9 /* Sources */,
				79970EE227BFA65C007DFCE9 /* Frameworks */,
				79970EE327BFA65C007DFCE9 /* Resources */,
			);
			buildRules = (
			);
			dependencies = (
			);
			name = SwiftUIdatepicker;
			productName = SwiftUIdatepicker;
			productReference = 79970EE527BFA65C007DFCE9 /* SwiftUIdatepicker.app */;
			productType = "com.apple.product-type.application";
		};
		79970EF427BFA661007DFCE9 /* SwiftUIdatepickerTests */ = {
			isa = PBXNativeTarget;
			buildConfigurationList = 79970F0C27BFA661007DFCE9 /* Build configuration list for PBXNativeTarget "SwiftUIdatepickerTests" */;
			buildPhases = (
				79970EF127BFA661007DFCE9 /* Sources */,
				79970EF227BFA661007DFCE9 /* Frameworks */,
				79970EF327BFA661007DFCE9 /* Resources */,
			);
			buildRules = (
			);
			dependencies = (
				79970EF727BFA661007DFCE9 /* PBXTargetDependency */,
			);
			name = SwiftUIdatepickerTests;
			productName = SwiftUIdatepickerTests;
			productReference = 79970EF527BFA661007DFCE9 /* SwiftUIdatepickerTests.xctest */;
			productType = "com.apple.product-type.bundle.unit-test";
		};
		79970EFE27BFA661007DFCE9 /* SwiftUIdatepickerUITests */ = {
			isa = PBXNativeTarget;
			buildConfigurationList = 79970F0F27BFA661007DFCE9 /* Build configuration list for PBXNativeTarget "SwiftUIdatepickerUITests" */;
			buildPhases = (
				79970EFB27BFA661007DFCE9 /* Sources */,
				79970EFC27BFA661007DFCE9 /* Frameworks */,
				79970EFD27BFA661007DFCE9 /* Resources */,
			);
			buildRules = (
			);
			dependencies = (
				79970F0127BFA661007DFCE9 /* PBXTargetDependency */,
			);
			name = SwiftUIdatepickerUITests;
			productName = SwiftUIdatepickerUITests;
			productReference = 79970EFF27BFA661007DFCE9 /* SwiftUIdatepickerUITests.xctest */;
			productType = "com.apple.product-type.bundle.ui-testing";
		};
/* End PBXNativeTarget section */

/* Begin PBXProject section */
		79970EDD27BFA65C007DFCE9 /* Project object */ = {
			isa = PBXProject;
			attributes = {
				BuildIndependentTargetsInParallel = 1;
				LastSwiftUpdateCheck = 1320;
				LastUpgradeCheck = 1320;
				TargetAttributes = {
					79970EE427BFA65C007DFCE9 = {
						CreatedOnToolsVersion = 13.2.1;
					};
					79970EF427BFA661007DFCE9 = {
						CreatedOnToolsVersion = 13.2.1;
						TestTargetID = 79970EE427BFA65C007DFCE9;
					};
					79970EFE27BFA661007DFCE9 = {
						CreatedOnToolsVersion = 13.2.1;
						TestTargetID = 79970EE427BFA65C007DFCE9;
					};
				};
			};
			buildConfigurationList = 79970EE027BFA65C007DFCE9 /* Build configuration list for PBXProject "SwiftUIdatepicker" */;
			compatibilityVersion = "Xcode 13.0";
			developmentRegion = en;
			hasScannedForEncodings = 0;
			knownRegions = (
				en,
				Base,
			);
			mainGroup = 79970EDC27BFA65C007DFCE9;
			productRefGroup = 79970EE627BFA65C007DFCE9 /* Products */;
			projectDirPath = "";
			projectRoot = "";
			targets = (
				79970EE427BFA65C007DFCE9 /* SwiftUIdatepicker */,
				79970EF427BFA661007DFCE9 /* SwiftUIdatepickerTests */,
				79970EFE27BFA661007DFCE9 /* SwiftUIdatepickerUITests */,
			);
		};
/* End PBXProject section */

/* Begin PBXResourcesBuildPhase section */
		79970EE327BFA65C007DFCE9 /* Resources */ = {
			isa = PBXResourcesBuildPhase;
			buildActionMask = 2147483647;
			files = (
				79970EF027BFA660007DFCE9 /* Preview Assets.xcassets in Resources */,
				79970EED27BFA660007DFCE9 /* Assets.xcassets in Resources */,
			);
			runOnlyForDeploymentPostprocessing = 0;
		};
		79970EF327BFA661007DFCE9 /* Resources */ = {
			isa = PBXResourcesBuildPhase;
			buildActionMask = 2147483647;
			files = (
			);
			runOnlyForDeploymentPostprocessing = 0;
		};
		79970EFD27BFA661007DFCE9 /* Resources */ = {
			isa = PBXResourcesBuildPhase;
			buildActionMask = 2147483647;
			files = (
			);
			runOnlyForDeploymentPostprocessing = 0;
		};
/* End PBXResourcesBuildPhase section */

/* Begin PBXSourcesBuildPhase section */
		79970EE127BFA65C007DFCE9 /* Sources */ = {
			isa = PBXSourcesBuildPhase;
			buildActionMask = 2147483647;
			files = (
				79970EEB27BFA65C007DFCE9 /* ContentView.swift in Sources */,
				79970EE927BFA65C007DFCE9 /* SwiftUIdatepickerApp.swift in Sources */,
			);
			runOnlyForDeploymentPostprocessing = 0;
		};
		79970EF127BFA661007DFCE9 /* Sources */ = {
			isa = PBXSourcesBuildPhase;
			buildActionMask = 2147483647;
			files = (
				79970EFA27BFA661007DFCE9 /* SwiftUIdatepickerTests.swift in Sources */,
			);
			runOnlyForDeploymentPostprocessing = 0;
		};
		79970EFB27BFA661007DFCE9 /* Sources */ = {
			isa = PBXSourcesBuildPhase;
			buildActionMask = 2147483647;
			files = (
				79970F0627BFA661007DFCE9 /* SwiftUIdatepickerUITestsLaunchTests.swift in Sources */,
				79970F0427BFA661007DFCE9 /* SwiftUIdatepickerUITests.swift in Sources */,
			);
			runOnlyForDeploymentPostprocessing = 0;
		};
/* End PBXSourcesBuildPhase section */

/* Begin PBXTargetDependency section */
		79970EF727BFA661007DFCE9 /* PBXTargetDependency */ = {
			isa = PBXTargetDependency;
			target = 79970EE427BFA65C007DFCE9 /* SwiftUIdatepicker */;
			targetProxy = 79970EF627BFA661007DFCE9 /* PBXContainerItemProxy */;
		};
		79970F0127BFA661007DFCE9 /* PBXTargetDependency */ = {
			isa = PBXTargetDependency;
			target = 79970EE427BFA65C007DFCE9 /* SwiftUIdatepicker */;
			targetProxy = 79970F0027BFA661007DFCE9 /* PBXContainerItemProxy */;
		};
/* End PBXTargetDependency section */

/* Begin XCBuildConfiguration section */
		79970F0727BFA661007DFCE9 /* Debug */ = {
			isa = XCBuildConfiguration;
			buildSettings = {
				ALWAYS_SEARCH_USER_PATHS = NO;
				CLANG_ANALYZER_NONNULL = YES;
				CLANG_ANALYZER_NUMBER_OBJECT_CONVERSION = YES_AGGRESSIVE;
				CLANG_CXX_LANGUAGE_STANDARD = "gnu++17";
				CLANG_CXX_LIBRARY = "libc++";
				CLANG_ENABLE_MODULES = YES;
				CLANG_ENABLE_OBJC_ARC = YES;
				CLANG_ENABLE_OBJC_WEAK = YES;
				CLANG_WARN_BLOCK_CAPTURE_AUTORELEASING = YES;
				CLANG_WARN_BOOL_CONVERSION = YES;
				CLANG_WARN_COMMA = YES;
				CLANG_WARN_CONSTANT_CONVERSION = YES;
				CLANG_WARN_DEPRECATED_OBJC_IMPLEMENTATIONS = YES;
				CLANG_WARN_DIRECT_OBJC_ISA_USAGE = YES_ERROR;
				CLANG_WARN_DOCUMENTATION_COMMENTS = YES;
				CLANG_WARN_EMPTY_BODY = YES;
				CLANG_WARN_ENUM_CONVERSION = YES;
				CLANG_WARN_INFINITE_RECURSION = YES;
				CLANG_WARN_INT_CONVERSION = YES;
				CLANG_WARN_NON_LITERAL_NULL_CONVERSION = YES;
				CLANG_WARN_OBJC_IMPLICIT_RETAIN_SELF = YES;
				CLANG_WARN_OBJC_LITERAL_CONVERSION = YES;
				CLANG_WARN_OBJC_ROOT_CLASS = YES_ERROR;
				CLANG_WARN_QUOTED_INCLUDE_IN_FRAMEWORK_HEADER = YES;
				CLANG_WARN_RANGE_LOOP_ANALYSIS = YES;
				CLANG_WARN_STRICT_PROTOTYPES = YES;
				CLANG_WARN_SUSPICIOUS_MOVE = YES;
				CLANG_WARN_UNGUARDED_AVAILABILITY = YES_AGGRESSIVE;
				CLANG_WARN_UNREACHABLE_CODE = YES;
				CLANG_WARN__DUPLICATE_METHOD_MATCH = YES;
				COPY_PHASE_STRIP = NO;
				DEBUG_INFORMATION_FORMAT = dwarf;
				ENABLE_STRICT_OBJC_MSGSEND = YES;
				ENABLE_TESTABILITY = YES;
				GCC_C_LANGUAGE_STANDARD = gnu11;
				GCC_DYNAMIC_NO_PIC = NO;
				GCC_NO_COMMON_BLOCKS = YES;
				GCC_OPTIMIZATION_LEVEL = 0;
				GCC_PREPROCESSOR_DEFINITIONS = (
					"DEBUG=1",
					"$(inherited)",
				);
				GCC_WARN_64_TO_32_BIT_CONVERSION = YES;
				GCC_WARN_ABOUT_RETURN_TYPE = YES_ERROR;
				GCC_WARN_UNDECLARED_SELECTOR = YES;
				GCC_WARN_UNINITIALIZED_AUTOS = YES_AGGRESSIVE;
				GCC_WARN_UNUSED_FUNCTION = YES;
				GCC_WARN_UNUSED_VARIABLE = YES;
				IPHONEOS_DEPLOYMENT_TARGET = 15.2;
				MTL_ENABLE_DEBUG_INFO = INCLUDE_SOURCE;
				MTL_FAST_MATH = YES;
				ONLY_ACTIVE_ARCH = YES;
				SDKROOT = iphoneos;
				SWIFT_ACTIVE_COMPILATION_CONDITIONS = DEBUG;
				SWIFT_OPTIMIZATION_LEVEL = "-Onone";
			};
			name = Debug;
		};
		79970F0827BFA661007DFCE9 /* Release */ = {
			isa = XCBuildConfiguration;
			buildSettings = {
				ALWAYS_SEARCH_USER_PATHS = NO;
				CLANG_ANALYZER_NONNULL = YES;
				CLANG_ANALYZER_NUMBER_OBJECT_CONVERSION = YES_AGGRESSIVE;
				CLANG_CXX_LANGUAGE_STANDARD = "gnu++17";
				CLANG_CXX_LIBRARY = "libc++";
				CLANG_ENABLE_MODULES = YES;
				CLANG_ENABLE_OBJC_ARC = YES;
				CLANG_ENABLE_OBJC_WEAK = YES;
				CLANG_WARN_BLOCK_CAPTURE_AUTORELEASING = YES;
				CLANG_WARN_BOOL_CONVERSION = YES;
				CLANG_WARN_COMMA = YES;
				CLANG_WARN_CONSTANT_CONVERSION = YES;
				CLANG_WARN_DEPRECATED_OBJC_IMPLEMENTATIONS = YES;
				CLANG_WARN_DIRECT_OBJC_ISA_USAGE = YES_ERROR;
				CLANG_WARN_DOCUMENTATION_COMMENTS = YES;
				CLANG_WARN_EMPTY_BODY = YES;
				CLANG_WARN_ENUM_CONVERSION = YES;
				CLANG_WARN_INFINITE_RECURSION = YES;
				CLANG_WARN_INT_CONVERSION = YES;
				CLANG_WARN_NON_LITERAL_NULL_CONVERSION = YES;
				CLANG_WARN_OBJC_IMPLICIT_RETAIN_SELF = YES;
				CLANG_WARN_OBJC_LITERAL_CONVERSION = YES;
				CLANG_WARN_OBJC_ROOT_CLASS = YES_ERROR;
				CLANG_WARN_QUOTED_INCLUDE_IN_FRAMEWORK_HEADER = YES;
				CLANG_WARN_RANGE_LOOP_ANALYSIS = YES;
				CLANG_WARN_STRICT_PROTOTYPES = YES;
				CLANG_WARN_SUSPICIOUS_MOVE = YES;
				CLANG_WARN_UNGUARDED_AVAILABILITY = YES_AGGRESSIVE;
				CLANG_WARN_UNREACHABLE_CODE = YES;
				CLANG_WARN__DUPLICATE_METHOD_MATCH = YES;
				COPY_PHASE_STRIP = NO;
				DEBUG_INFORMATION_FORMAT = "dwarf-with-dsym";
				ENABLE_NS_ASSERTIONS = NO;
				ENABLE_STRICT_OBJC_MSGSEND = YES;
				GCC_C_LANGUAGE_STANDARD = gnu11;
				GCC_NO_COMMON_BLOCKS = YES;
				GCC_WARN_64_TO_32_BIT_CONVERSION = YES;
				GCC_WARN_ABOUT_RETURN_TYPE = YES_ERROR;
				GCC_WARN_UNDECLARED_SELECTOR = YES;
				GCC_WARN_UNINITIALIZED_AUTOS = YES_AGGRESSIVE;
				GCC_WARN_UNUSED_FUNCTION = YES;
				GCC_WARN_UNUSED_VARIABLE = YES;
				IPHONEOS_DEPLOYMENT_TARGET = 15.2;
				MTL_ENABLE_DEBUG_INFO = NO;
				MTL_FAST_MATH = YES;
				SDKROOT = iphoneos;
				SWIFT_COMPILATION_MODE = wholemodule;
				SWIFT_OPTIMIZATION_LEVEL = "-O";
				VALIDATE_PRODUCT = YES;
			};
			name = Release;
		};
		79970F0A27BFA661007DFCE9 /* Debug */ = {
			isa = XCBuildConfiguration;
			buildSettings = {
				ASSETCATALOG_COMPILER_APPICON_NAME = AppIcon;
				ASSETCATALOG_COMPILER_GLOBAL_ACCENT_COLOR_NAME = AccentColor;
				CODE_SIGN_STYLE = Automatic;
				CURRENT_PROJECT_VERSION = 1;
				DEVELOPMENT_ASSET_PATHS = "\"SwiftUIdatepicker/Preview Content\"";
				ENABLE_PREVIEWS = YES;
				GENERATE_INFOPLIST_FILE = YES;
				INFOPLIST_KEY_UIApplicationSceneManifest_Generation = YES;
				INFOPLIST_KEY_UIApplicationSupportsIndirectInputEvents = YES;
				INFOPLIST_KEY_UILaunchScreen_Generation = YES;
				INFOPLIST_KEY_UISupportedInterfaceOrientations_iPad = "UIInterfaceOrientationPortrait UIInterfaceOrientationPortraitUpsideDown UIInterfaceOrientationLandscapeLeft UIInterfaceOrientationLandscapeRight";
				INFOPLIST_KEY_UISupportedInterfaceOrientations_iPhone = "UIInterfaceOrientationPortrait UIInterfaceOrientationLandscapeLeft UIInterfaceOrientationLandscapeRight";
				LD_RUNPATH_SEARCH_PATHS = (
					"$(inherited)",
					"@executable_path/Frameworks",
				);
				MARKETING_VERSION = 1.0;
				PRODUCT_BUNDLE_IDENTIFIER = New.SwiftUIdatepicker;
				PRODUCT_NAME = "$(TARGET_NAME)";
				SWIFT_EMIT_LOC_STRINGS = YES;
				SWIFT_VERSION = 5.0;
				TARGETED_DEVICE_FAMILY = "1,2";
			};
			name = Debug;
		};
		79970F0B27BFA661007DFCE9 /* Release */ = {
			isa = XCBuildConfiguration;
			buildSettings = {
				ASSETCATALOG_COMPILER_APPICON_NAME = AppIcon;
				ASSETCATALOG_COMPILER_GLOBAL_ACCENT_COLOR_NAME = AccentColor;
				CODE_SIGN_STYLE = Automatic;
				CURRENT_PROJECT_VERSION = 1;
				DEVELOPMENT_ASSET_PATHS = "\"SwiftUIdatepicker/Preview Content\"";
				ENABLE_PREVIEWS = YES;
				GENERATE_INFOPLIST_FILE = YES;
				INFOPLIST_KEY_UIApplicationSceneManifest_Generation = YES;
				INFOPLIST_KEY_UIApplicationSupportsIndirectInputEvents = YES;
				INFOPLIST_KEY_UILaunchScreen_Generation = YES;
				INFOPLIST_KEY_UISupportedInterfaceOrientations_iPad = "UIInterfaceOrientationPortrait UIInterfaceOrientationPortraitUpsideDown UIInterfaceOrientationLandscapeLeft UIInterfaceOrientationLandscapeRight";
				INFOPLIST_KEY_UISupportedInterfaceOrientations_iPhone = "UIInterfaceOrientationPortrait UIInterfaceOrientationLandscapeLeft UIInterfaceOrientationLandscapeRight";
				LD_RUNPATH_SEARCH_PATHS = (
					"$(inherited)",
					"@executable_path/Frameworks",
				);
				MARKETING_VERSION = 1.0;
				PRODUCT_BUNDLE_IDENTIFIER = New.SwiftUIdatepicker;
				PRODUCT_NAME = "$(TARGET_NAME)";
				SWIFT_EMIT_LOC_STRINGS = YES;
				SWIFT_VERSION = 5.0;
				TARGETED_DEVICE_FAMILY = "1,2";
			};
			name = Release;
		};
		79970F0D27BFA661007DFCE9 /* Debug */ = {
			isa = XCBuildConfiguration;
			buildSettings = {
				ALWAYS_EMBED_SWIFT_STANDARD_LIBRARIES = YES;
				BUNDLE_LOADER = "$(TEST_HOST)";
				CODE_SIGN_STYLE = Automatic;
				CURRENT_PROJECT_VERSION = 1;
				GENERATE_INFOPLIST_FILE = YES;
				IPHONEOS_DEPLOYMENT_TARGET = 15.2;
				MARKETING_VERSION = 1.0;
				PRODUCT_BUNDLE_IDENTIFIER = New.SwiftUIdatepickerTests;
				PRODUCT_NAME = "$(TARGET_NAME)";
				SWIFT_EMIT_LOC_STRINGS = NO;
				SWIFT_VERSION = 5.0;
				TARGETED_DEVICE_FAMILY = "1,2";
				TEST_HOST = "$(BUILT_PRODUCTS_DIR)/SwiftUIdatepicker.app/SwiftUIdatepicker";
			};
			name = Debug;
		};
		79970F0E27BFA661007DFCE9 /* Release */ = {
			isa = XCBuildConfiguration;
			buildSettings = {
				ALWAYS_EMBED_SWIFT_STANDARD_LIBRARIES = YES;
				BUNDLE_LOADER = "$(TEST_HOST)";
				CODE_SIGN_STYLE = Automatic;
				CURRENT_PROJECT_VERSION = 1;
				GENERATE_INFOPLIST_FILE = YES;
				IPHONEOS_DEPLOYMENT_TARGET = 15.2;
				MARKETING_VERSION = 1.0;
				PRODUCT_BUNDLE_IDENTIFIER = New.SwiftUIdatepickerTests;
				PRODUCT_NAME = "$(TARGET_NAME)";
				SWIFT_EMIT_LOC_STRINGS = NO;
				SWIFT_VERSION = 5.0;
				TARGETED_DEVICE_FAMILY = "1,2";
				TEST_HOST = "$(BUILT_PRODUCTS_DIR)/SwiftUIdatepicker.app/SwiftUIdatepicker";
			};
			name = Release;
		};
		79970F1027BFA661007DFCE9 /* Debug */ = {
			isa = XCBuildConfiguration;
			buildSettings = {
				ALWAYS_EMBED_SWIFT_STANDARD_LIBRARIES = YES;
				CODE_SIGN_STYLE = Automatic;
				CURRENT_PROJECT_VERSION = 1;
				GENERATE_INFOPLIST_FILE = YES;
				MARKETING_VERSION = 1.0;
				PRODUCT_BUNDLE_IDENTIFIER = New.SwiftUIdatepickerUITests;
				PRODUCT_NAME = "$(TARGET_NAME)";
				SWIFT_EMIT_LOC_STRINGS = NO;
				SWIFT_VERSION = 5.0;
				TARGETED_DEVICE_FAMILY = "1,2";
				TEST_TARGET_NAME = SwiftUIdatepicker;
			};
			name = Debug;
		};
		79970F1127BFA661007DFCE9 /* Release */ = {
			isa = XCBuildConfiguration;
			buildSettings = {
				ALWAYS_EMBED_SWIFT_STANDARD_LIBRARIES = YES;
				CODE_SIGN_STYLE = Automatic;
				CURRENT_PROJECT_VERSION = 1;
				GENERATE_INFOPLIST_FILE = YES;
				MARKETING_VERSION = 1.0;
				PRODUCT_BUNDLE_IDENTIFIER = New.SwiftUIdatepickerUITests;
				PRODUCT_NAME = "$(TARGET_NAME)";
				SWIFT_EMIT_LOC_STRINGS = NO;
				SWIFT_VERSION = 5.0;
				TARGETED_DEVICE_FAMILY = "1,2";
				TEST_TARGET_NAME = SwiftUIdatepicker;
			};
			name = Release;
		};
/* End XCBuildConfiguration section */

/* Begin XCConfigurationList section */
		79970EE027BFA65C007DFCE9 /* Build configuration list for PBXProject "SwiftUIdatepicker" */ = {
			isa = XCConfigurationList;
			buildConfigurations = (
				79970F0727BFA661007DFCE9 /* Debug */,
				79970F0827BFA661007DFCE9 /* Release */,
			);
			defaultConfigurationIsVisible = 0;
			defaultConfigurationName = Release;
		};
		79970F0927BFA661007DFCE9 /* Build configuration list for PBXNativeTarget "SwiftUIdatepicker" */ = {
			isa = XCConfigurationList;
			buildConfigurations = (
				79970F0A27BFA661007DFCE9 /* Debug */,
				79970F0B27BFA661007DFCE9 /* Release */,
			);
			defaultConfigurationIsVisible = 0;
			defaultConfigurationName = Release;
		};
		79970F0C27BFA661007DFCE9 /* Build configuration list for PBXNativeTarget "SwiftUIdatepickerTests" */ = {
			isa = XCConfigurationList;
			buildConfigurations = (
				79970F0D27BFA661007DFCE9 /* Debug */,
				79970F0E27BFA661007DFCE9 /* Release */,
			);
			defaultConfigurationIsVisible = 0;
			defaultConfigurationName = Release;
		};
		79970F0F27BFA661007DFCE9 /* Build configuration list for PBXNativeTarget "SwiftUIdatepickerUITests" */ = {
			isa = XCConfigurationList;
			buildConfigurations = (
				79970F1027BFA661007DFCE9 /* Debug */,
				79970F1127BFA661007DFCE9 /* Release */,
			);
			defaultConfigurationIsVisible = 0;
			defaultConfigurationName = Release;
		};
/* End XCConfigurationList section */
	};
	rootObject = 79970EDD27BFA65C007DFCE9 /* Project object */;
}
