// !$*UTF8*$!
{
	archiveVersion = 1;
	classes = {
	};
	objectVersion = 55;
	objects = {

/* Begin PBXBuildFile section */
		79694AE427C3A9B50007FF49 /* AppDelegate.swift in Sources */ = {isa = PBXBuildFile; fileRef = 79694AE327C3A9B50007FF49 /* AppDelegate.swift */; };
		79694AE627C3A9B50007FF49 /* SceneDelegate.swift in Sources */ = {isa = PBXBuildFile; fileRef = 79694AE527C3A9B50007FF49 /* SceneDelegate.swift */; };
		79694AE827C3A9B50007FF49 /* ViewController.swift in Sources */ = {isa = PBXBuildFile; fileRef = 79694AE727C3A9B50007FF49 /* ViewController.swift */; };
		79694AEB27C3A9B50007FF49 /* Main.storyboard in Resources */ = {isa = PBXBuildFile; fileRef = 79694AE927C3A9B50007FF49 /* Main.storyboard */; };
		79694AED27C3A9B80007FF49 /* Assets.xcassets in Resources */ = {isa = PBXBuildFile; fileRef = 79694AEC27C3A9B80007FF49 /* Assets.xcassets */; };
		79694AF027C3A9B80007FF49 /* LaunchScreen.storyboard in Resources */ = {isa = PBXBuildFile; fileRef = 79694AEE27C3A9B80007FF49 /* LaunchScreen.storyboard */; };
		79694AFB27C3A9B90007FF49 /* AlertTests.swift in Sources */ = {isa = PBXBuildFile; fileRef = 79694AFA27C3A9B90007FF49 /* AlertTests.swift */; };
		79694B0527C3A9B90007FF49 /* AlertUITests.swift in Sources */ = {isa = PBXBuildFile; fileRef = 79694B0427C3A9B90007FF49 /* AlertUITests.swift */; };
		79694B0727C3A9B90007FF49 /* AlertUITestsLaunchTests.swift in Sources */ = {isa = PBXBuildFile; fileRef = 79694B0627C3A9B90007FF49 /* AlertUITestsLaunchTests.swift */; };
/* End PBXBuildFile section */

/* Begin PBXContainerItemProxy section */
		79694AF727C3A9B90007FF49 /* PBXContainerItemProxy */ = {
			isa = PBXContainerItemProxy;
			containerPortal = 79694AD827C3A9B50007FF49 /* Project object */;
			proxyType = 1;
			remoteGlobalIDString = 79694ADF27C3A9B50007FF49;
			remoteInfo = Alert;
		};
		79694B0127C3A9B90007FF49 /* PBXContainerItemProxy */ = {
			isa = PBXContainerItemProxy;
			containerPortal = 79694AD827C3A9B50007FF49 /* Project object */;
			proxyType = 1;
			remoteGlobalIDString = 79694ADF27C3A9B50007FF49;
			remoteInfo = Alert;
		};
/* End PBXContainerItemProxy section */

/* Begin PBXFileReference section */
		79694AE027C3A9B50007FF49 /* Alert.app */ = {isa = PBXFileReference; explicitFileType = wrapper.application; includeInIndex = 0; path = Alert.app; sourceTree = BUILT_PRODUCTS_DIR; };
		79694AE327C3A9B50007FF49 /* AppDelegate.swift */ = {isa = PBXFileReference; lastKnownFileType = sourcecode.swift; path = AppDelegate.swift; sourceTree = "<group>"; };
		79694AE527C3A9B50007FF49 /* SceneDelegate.swift */ = {isa = PBXFileReference; lastKnownFileType = sourcecode.swift; path = SceneDelegate.swift; sourceTree = "<group>"; };
		79694AE727C3A9B50007FF49 /* ViewController.swift */ = {isa = PBXFileReference; lastKnownFileType = sourcecode.swift; path = ViewController.swift; sourceTree = "<group>"; };
		79694AEA27C3A9B50007FF49 /* Base */ = {isa = PBXFileReference; lastKnownFileType = file.storyboard; name = Base; path = Base.lproj/Main.storyboard; sourceTree = "<group>"; };
		79694AEC27C3A9B80007FF49 /* Assets.xcassets */ = {isa = PBXFileReference; lastKnownFileType = folder.assetcatalog; path = Assets.xcassets; sourceTree = "<group>"; };
		79694AEF27C3A9B80007FF49 /* Base */ = {isa = PBXFileReference; lastKnownFileType = file.storyboard; name = Base; path = Base.lproj/LaunchScreen.storyboard; sourceTree = "<group>"; };
		79694AF127C3A9B80007FF49 /* Info.plist */ = {isa = PBXFileReference; lastKnownFileType = text.plist.xml; path = Info.plist; sourceTree = "<group>"; };
		79694AF627C3A9B90007FF49 /* AlertTests.xctest */ = {isa = PBXFileReference; explicitFileType = wrapper.cfbundle; includeInIndex = 0; path = AlertTests.xctest; sourceTree = BUILT_PRODUCTS_DIR; };
		79694AFA27C3A9B90007FF49 /* AlertTests.swift */ = {isa = PBXFileReference; lastKnownFileType = sourcecode.swift; path = AlertTests.swift; sourceTree = "<group>"; };
		79694B0027C3A9B90007FF49 /* AlertUITests.xctest */ = {isa = PBXFileReference; explicitFileType = wrapper.cfbundle; includeInIndex = 0; path = AlertUITests.xctest; sourceTree = BUILT_PRODUCTS_DIR; };
		79694B0427C3A9B90007FF49 /* AlertUITests.swift */ = {isa = PBXFileReference; lastKnownFileType = sourcecode.swift; path = AlertUITests.swift; sourceTree = "<group>"; };
		79694B0627C3A9B90007FF49 /* AlertUITestsLaunchTests.swift */ = {isa = PBXFileReference; lastKnownFileType = sourcecode.swift; path = AlertUITestsLaunchTests.swift; sourceTree = "<group>"; };
/* End PBXFileReference section */

/* Begin PBXFrameworksBuildPhase section */
		79694ADD27C3A9B50007FF49 /* Frameworks */ = {
			isa = PBXFrameworksBuildPhase;
			buildActionMask = 2147483647;
			files = (
			);
			runOnlyForDeploymentPostprocessing = 0;
		};
		79694AF327C3A9B90007FF49 /* Frameworks */ = {
			isa = PBXFrameworksBuildPhase;
			buildActionMask = 2147483647;
			files = (
			);
			runOnlyForDeploymentPostprocessing = 0;
		};
		79694AFD27C3A9B90007FF49 /* Frameworks */ = {
			isa = PBXFrameworksBuildPhase;
			buildActionMask = 2147483647;
			files = (
			);
			runOnlyForDeploymentPostprocessing = 0;
		};
/* End PBXFrameworksBuildPhase section */

/* Begin PBXGroup section */
		79694AD727C3A9B50007FF49 = {
			isa = PBXGroup;
			children = (
				79694AE227C3A9B50007FF49 /* Alert */,
				79694AF927C3A9B90007FF49 /* AlertTests */,
				79694B0327C3A9B90007FF49 /* AlertUITests */,
				79694AE127C3A9B50007FF49 /* Products */,
			);
			sourceTree = "<group>";
		};
		79694AE127C3A9B50007FF49 /* Products */ = {
			isa = PBXGroup;
			children = (
				79694AE027C3A9B50007FF49 /* Alert.app */,
				79694AF627C3A9B90007FF49 /* AlertTests.xctest */,
				79694B0027C3A9B90007FF49 /* AlertUITests.xctest */,
			);
			name = Products;
			sourceTree = "<group>";
		};
		79694AE227C3A9B50007FF49 /* Alert */ = {
			isa = PBXGroup;
			children = (
				79694AE327C3A9B50007FF49 /* AppDelegate.swift */,
				79694AE527C3A9B50007FF49 /* SceneDelegate.swift */,
				79694AE727C3A9B50007FF49 /* ViewController.swift */,
				79694AE927C3A9B50007FF49 /* Main.storyboard */,
				79694AEC27C3A9B80007FF49 /* Assets.xcassets */,
				79694AEE27C3A9B80007FF49 /* LaunchScreen.storyboard */,
				79694AF127C3A9B80007FF49 /* Info.plist */,
			);
			path = Alert;
			sourceTree = "<group>";
		};
		79694AF927C3A9B90007FF49 /* AlertTests */ = {
			isa = PBXGroup;
			children = (
				79694AFA27C3A9B90007FF49 /* AlertTests.swift */,
			);
			path = AlertTests;
			sourceTree = "<group>";
		};
		79694B0327C3A9B90007FF49 /* AlertUITests */ = {
			isa = PBXGroup;
			children = (
				79694B0427C3A9B90007FF49 /* AlertUITests.swift */,
				79694B0627C3A9B90007FF49 /* AlertUITestsLaunchTests.swift */,
			);
			path = AlertUITests;
			sourceTree = "<group>";
		};
/* End PBXGroup section */

/* Begin PBXNativeTarget section */
		79694ADF27C3A9B50007FF49 /* Alert */ = {
			isa = PBXNativeTarget;
			buildConfigurationList = 79694B0A27C3A9B90007FF49 /* Build configuration list for PBXNativeTarget "Alert" */;
			buildPhases = (
				79694ADC27C3A9B50007FF49 /* Sources */,
				79694ADD27C3A9B50007FF49 /* Frameworks */,
				79694ADE27C3A9B50007FF49 /* Resources */,
			);
			buildRules = (
			);
			dependencies = (
			);
			name = Alert;
			productName = Alert;
			productReference = 79694AE027C3A9B50007FF49 /* Alert.app */;
			productType = "com.apple.product-type.application";
		};
		79694AF527C3A9B90007FF49 /* AlertTests */ = {
			isa = PBXNativeTarget;
			buildConfigurationList = 79694B0D27C3A9B90007FF49 /* Build configuration list for PBXNativeTarget "AlertTests" */;
			buildPhases = (
				79694AF227C3A9B90007FF49 /* Sources */,
				79694AF327C3A9B90007FF49 /* Frameworks */,
				79694AF427C3A9B90007FF49 /* Resources */,
			);
			buildRules = (
			);
			dependencies = (
				79694AF827C3A9B90007FF49 /* PBXTargetDependency */,
			);
			name = AlertTests;
			productName = AlertTests;
			productReference = 79694AF627C3A9B90007FF49 /* AlertTests.xctest */;
			productType = "com.apple.product-type.bundle.unit-test";
		};
		79694AFF27C3A9B90007FF49 /* AlertUITests */ = {
			isa = PBXNativeTarget;
			buildConfigurationList = 79694B1027C3A9B90007FF49 /* Build configuration list for PBXNativeTarget "AlertUITests" */;
			buildPhases = (
				79694AFC27C3A9B90007FF49 /* Sources */,
				79694AFD27C3A9B90007FF49 /* Frameworks */,
				79694AFE27C3A9B90007FF49 /* Resources */,
			);
			buildRules = (
			);
			dependencies = (
				79694B0227C3A9B90007FF49 /* PBXTargetDependency */,
			);
			name = AlertUITests;
			productName = AlertUITests;
			productReference = 79694B0027C3A9B90007FF49 /* AlertUITests.xctest */;
			productType = "com.apple.product-type.bundle.ui-testing";
		};
/* End PBXNativeTarget section */

/* Begin PBXProject section */
		79694AD827C3A9B50007FF49 /* Project object */ = {
			isa = PBXProject;
			attributes = {
				BuildIndependentTargetsInParallel = 1;
				LastSwiftUpdateCheck = 1320;
				LastUpgradeCheck = 1320;
				TargetAttributes = {
					79694ADF27C3A9B50007FF49 = {
						CreatedOnToolsVersion = 13.2.1;
					};
					79694AF527C3A9B90007FF49 = {
						CreatedOnToolsVersion = 13.2.1;
						TestTargetID = 79694ADF27C3A9B50007FF49;
					};
					79694AFF27C3A9B90007FF49 = {
						CreatedOnToolsVersion = 13.2.1;
						TestTargetID = 79694ADF27C3A9B50007FF49;
					};
				};
			};
			buildConfigurationList = 79694ADB27C3A9B50007FF49 /* Build configuration list for PBXProject "Alert" */;
			compatibilityVersion = "Xcode 13.0";
			developmentRegion = en;
			hasScannedForEncodings = 0;
			knownRegions = (
				en,
				Base,
			);
			mainGroup = 79694AD727C3A9B50007FF49;
			productRefGroup = 79694AE127C3A9B50007FF49 /* Products */;
			projectDirPath = "";
			projectRoot = "";
			targets = (
				79694ADF27C3A9B50007FF49 /* Alert */,
				79694AF527C3A9B90007FF49 /* AlertTests */,
				79694AFF27C3A9B90007FF49 /* AlertUITests */,
			);
		};
/* End PBXProject section */

/* Begin PBXResourcesBuildPhase section */
		79694ADE27C3A9B50007FF49 /* Resources */ = {
			isa = PBXResourcesBuildPhase;
			buildActionMask = 2147483647;
			files = (
				79694AF027C3A9B80007FF49 /* LaunchScreen.storyboard in Resources */,
				79694AED27C3A9B80007FF49 /* Assets.xcassets in Resources */,
				79694AEB27C3A9B50007FF49 /* Main.storyboard in Resources */,
			);
			runOnlyForDeploymentPostprocessing = 0;
		};
		79694AF427C3A9B90007FF49 /* Resources */ = {
			isa = PBXResourcesBuildPhase;
			buildActionMask = 2147483647;
			files = (
			);
			runOnlyForDeploymentPostprocessing = 0;
		};
		79694AFE27C3A9B90007FF49 /* Resources */ = {
			isa = PBXResourcesBuildPhase;
			buildActionMask = 2147483647;
			files = (
			);
			runOnlyForDeploymentPostprocessing = 0;
		};
/* End PBXResourcesBuildPhase section */

/* Begin PBXSourcesBuildPhase section */
		79694ADC27C3A9B50007FF49 /* Sources */ = {
			isa = PBXSourcesBuildPhase;
			buildActionMask = 2147483647;
			files = (
				79694AE827C3A9B50007FF49 /* ViewController.swift in Sources */,
				79694AE427C3A9B50007FF49 /* AppDelegate.swift in Sources */,
				79694AE627C3A9B50007FF49 /* SceneDelegate.swift in Sources */,
			);
			runOnlyForDeploymentPostprocessing = 0;
		};
		79694AF227C3A9B90007FF49 /* Sources */ = {
			isa = PBXSourcesBuildPhase;
			buildActionMask = 2147483647;
			files = (
				79694AFB27C3A9B90007FF49 /* AlertTests.swift in Sources */,
			);
			runOnlyForDeploymentPostprocessing = 0;
		};
		79694AFC27C3A9B90007FF49 /* Sources */ = {
			isa = PBXSourcesBuildPhase;
			buildActionMask = 2147483647;
			files = (
				79694B0527C3A9B90007FF49 /* AlertUITests.swift in Sources */,
				79694B0727C3A9B90007FF49 /* AlertUITestsLaunchTests.swift in Sources */,
			);
			runOnlyForDeploymentPostprocessing = 0;
		};
/* End PBXSourcesBuildPhase section */

/* Begin PBXTargetDependency section */
		79694AF827C3A9B90007FF49 /* PBXTargetDependency */ = {
			isa = PBXTargetDependency;
			target = 79694ADF27C3A9B50007FF49 /* Alert */;
			targetProxy = 79694AF727C3A9B90007FF49 /* PBXContainerItemProxy */;
		};
		79694B0227C3A9B90007FF49 /* PBXTargetDependency */ = {
			isa = PBXTargetDependency;
			target = 79694ADF27C3A9B50007FF49 /* Alert */;
			targetProxy = 79694B0127C3A9B90007FF49 /* PBXContainerItemProxy */;
		};
/* End PBXTargetDependency section */

/* Begin PBXVariantGroup section */
		79694AE927C3A9B50007FF49 /* Main.storyboard */ = {
			isa = PBXVariantGroup;
			children = (
				79694AEA27C3A9B50007FF49 /* Base */,
			);
			name = Main.storyboard;
			sourceTree = "<group>";
		};
		79694AEE27C3A9B80007FF49 /* LaunchScreen.storyboard */ = {
			isa = PBXVariantGroup;
			children = (
				79694AEF27C3A9B80007FF49 /* Base */,
			);
			name = LaunchScreen.storyboard;
			sourceTree = "<group>";
		};
/* End PBXVariantGroup section */

/* Begin XCBuildConfiguration section */
		79694B0827C3A9B90007FF49 /* Debug */ = {
			isa = XCBuildConfiguration;
			buildSettings = {
				ALWAYS_SEARCH_USER_PATHS = NO;
				CLANG_ANALYZER_NONNULL = YES;
				CLANG_ANALYZER_NUMBER_OBJECT_CONVERSION = YES_AGGRESSIVE;
				CLANG_CXX_LANGUAGE_STANDARD = "gnu++17";
				CLANG_CXX_LIBRARY = "libc++";
				CLANG_ENABLE_MODULES = YES;
				CLANG_ENABLE_OBJC_ARC = YES;
				CLANG_ENABLE_OBJC_WEAK = YES;
				CLANG_WARN_BLOCK_CAPTURE_AUTORELEASING = YES;
				CLANG_WARN_BOOL_CONVERSION = YES;
				CLANG_WARN_COMMA = YES;
				CLANG_WARN_CONSTANT_CONVERSION = YES;
				CLANG_WARN_DEPRECATED_OBJC_IMPLEMENTATIONS = YES;
				CLANG_WARN_DIRECT_OBJC_ISA_USAGE = YES_ERROR;
				CLANG_WARN_DOCUMENTATION_COMMENTS = YES;
				CLANG_WARN_EMPTY_BODY = YES;
				CLANG_WARN_ENUM_CONVERSION = YES;
				CLANG_WARN_INFINITE_RECURSION = YES;
				CLANG_WARN_INT_CONVERSION = YES;
				CLANG_WARN_NON_LITERAL_NULL_CONVERSION = YES;
				CLANG_WARN_OBJC_IMPLICIT_RETAIN_SELF = YES;
				CLANG_WARN_OBJC_LITERAL_CONVERSION = YES;
				CLANG_WARN_OBJC_ROOT_CLASS = YES_ERROR;
				CLANG_WARN_QUOTED_INCLUDE_IN_FRAMEWORK_HEADER = YES;
				CLANG_WARN_RANGE_LOOP_ANALYSIS = YES;
				CLANG_WARN_STRICT_PROTOTYPES = YES;
				CLANG_WARN_SUSPICIOUS_MOVE = YES;
				CLANG_WARN_UNGUARDED_AVAILABILITY = YES_AGGRESSIVE;
				CLANG_WARN_UNREACHABLE_CODE = YES;
				CLANG_WARN__DUPLICATE_METHOD_MATCH = YES;
				COPY_PHASE_STRIP = NO;
				DEBUG_INFORMATION_FORMAT = dwarf;
				ENABLE_STRICT_OBJC_MSGSEND = YES;
				ENABLE_TESTABILITY = YES;
				GCC_C_LANGUAGE_STANDARD = gnu11;
				GCC_DYNAMIC_NO_PIC = NO;
				GCC_NO_COMMON_BLOCKS = YES;
				GCC_OPTIMIZATION_LEVEL = 0;
				GCC_PREPROCESSOR_DEFINITIONS = (
					"DEBUG=1",
					"$(inherited)",
				);
				GCC_WARN_64_TO_32_BIT_CONVERSION = YES;
				GCC_WARN_ABOUT_RETURN_TYPE = YES_ERROR;
				GCC_WARN_UNDECLARED_SELECTOR = YES;
				GCC_WARN_UNINITIALIZED_AUTOS = YES_AGGRESSIVE;
				GCC_WARN_UNUSED_FUNCTION = YES;
				GCC_WARN_UNUSED_VARIABLE = YES;
				IPHONEOS_DEPLOYMENT_TARGET = 15.2;
				MTL_ENABLE_DEBUG_INFO = INCLUDE_SOURCE;
				MTL_FAST_MATH = YES;
				ONLY_ACTIVE_ARCH = YES;
				SDKROOT = iphoneos;
				SWIFT_ACTIVE_COMPILATION_CONDITIONS = DEBUG;
				SWIFT_OPTIMIZATION_LEVEL = "-Onone";
			};
			name = Debug;
		};
		79694B0927C3A9B90007FF49 /* Release */ = {
			isa = XCBuildConfiguration;
			buildSettings = {
				ALWAYS_SEARCH_USER_PATHS = NO;
				CLANG_ANALYZER_NONNULL = YES;
				CLANG_ANALYZER_NUMBER_OBJECT_CONVERSION = YES_AGGRESSIVE;
				CLANG_CXX_LANGUAGE_STANDARD = "gnu++17";
				CLANG_CXX_LIBRARY = "libc++";
				CLANG_ENABLE_MODULES = YES;
				CLANG_ENABLE_OBJC_ARC = YES;
				CLANG_ENABLE_OBJC_WEAK = YES;
				CLANG_WARN_BLOCK_CAPTURE_AUTORELEASING = YES;
				CLANG_WARN_BOOL_CONVERSION = YES;
				CLANG_WARN_COMMA = YES;
				CLANG_WARN_CONSTANT_CONVERSION = YES;
				CLANG_WARN_DEPRECATED_OBJC_IMPLEMENTATIONS = YES;
				CLANG_WARN_DIRECT_OBJC_ISA_USAGE = YES_ERROR;
				CLANG_WARN_DOCUMENTATION_COMMENTS = YES;
				CLANG_WARN_EMPTY_BODY = YES;
				CLANG_WARN_ENUM_CONVERSION = YES;
				CLANG_WARN_INFINITE_RECURSION = YES;
				CLANG_WARN_INT_CONVERSION = YES;
				CLANG_WARN_NON_LITERAL_NULL_CONVERSION = YES;
				CLANG_WARN_OBJC_IMPLICIT_RETAIN_SELF = YES;
				CLANG_WARN_OBJC_LITERAL_CONVERSION = YES;
				CLANG_WARN_OBJC_ROOT_CLASS = YES_ERROR;
				CLANG_WARN_QUOTED_INCLUDE_IN_FRAMEWORK_HEADER = YES;
				CLANG_WARN_RANGE_LOOP_ANALYSIS = YES;
				CLANG_WARN_STRICT_PROTOTYPES = YES;
				CLANG_WARN_SUSPICIOUS_MOVE = YES;
				CLANG_WARN_UNGUARDED_AVAILABILITY = YES_AGGRESSIVE;
				CLANG_WARN_UNREACHABLE_CODE = YES;
				CLANG_WARN__DUPLICATE_METHOD_MATCH = YES;
				COPY_PHASE_STRIP = NO;
				DEBUG_INFORMATION_FORMAT = "dwarf-with-dsym";
				ENABLE_NS_ASSERTIONS = NO;
				ENABLE_STRICT_OBJC_MSGSEND = YES;
				GCC_C_LANGUAGE_STANDARD = gnu11;
				GCC_NO_COMMON_BLOCKS = YES;
				GCC_WARN_64_TO_32_BIT_CONVERSION = YES;
				GCC_WARN_ABOUT_RETURN_TYPE = YES_ERROR;
				GCC_WARN_UNDECLARED_SELECTOR = YES;
				GCC_WARN_UNINITIALIZED_AUTOS = YES_AGGRESSIVE;
				GCC_WARN_UNUSED_FUNCTION = YES;
				GCC_WARN_UNUSED_VARIABLE = YES;
				IPHONEOS_DEPLOYMENT_TARGET = 15.2;
				MTL_ENABLE_DEBUG_INFO = NO;
				MTL_FAST_MATH = YES;
				SDKROOT = iphoneos;
				SWIFT_COMPILATION_MODE = wholemodule;
				SWIFT_OPTIMIZATION_LEVEL = "-O";
				VALIDATE_PRODUCT = YES;
			};
			name = Release;
		};
		79694B0B27C3A9B90007FF49 /* Debug */ = {
			isa = XCBuildConfiguration;
			buildSettings = {
				ASSETCATALOG_COMPILER_APPICON_NAME = AppIcon;
				ASSETCATALOG_COMPILER_GLOBAL_ACCENT_COLOR_NAME = AccentColor;
				CODE_SIGN_STYLE = Automatic;
				CURRENT_PROJECT_VERSION = 1;
				GENERATE_INFOPLIST_FILE = YES;
				INFOPLIST_FILE = Alert/Info.plist;
				INFOPLIST_KEY_UIApplicationSupportsIndirectInputEvents = YES;
				INFOPLIST_KEY_UILaunchStoryboardName = LaunchScreen;
				INFOPLIST_KEY_UIMainStoryboardFile = Main;
				INFOPLIST_KEY_UISupportedInterfaceOrientations_iPad = "UIInterfaceOrientationPortrait UIInterfaceOrientationPortraitUpsideDown UIInterfaceOrientationLandscapeLeft UIInterfaceOrientationLandscapeRight";
				INFOPLIST_KEY_UISupportedInterfaceOrientations_iPhone = "UIInterfaceOrientationPortrait UIInterfaceOrientationLandscapeLeft UIInterfaceOrientationLandscapeRight";
				LD_RUNPATH_SEARCH_PATHS = (
					"$(inherited)",
					"@executable_path/Frameworks",
				);
				MARKETING_VERSION = 1.0;
				PRODUCT_BUNDLE_IDENTIFIER = New.Alert;
				PRODUCT_NAME = "$(TARGET_NAME)";
				SWIFT_EMIT_LOC_STRINGS = YES;
				SWIFT_VERSION = 5.0;
				TARGETED_DEVICE_FAMILY = "1,2";
			};
			name = Debug;
		};
		79694B0C27C3A9B90007FF49 /* Release */ = {
			isa = XCBuildConfiguration;
			buildSettings = {
				ASSETCATALOG_COMPILER_APPICON_NAME = AppIcon;
				ASSETCATALOG_COMPILER_GLOBAL_ACCENT_COLOR_NAME = AccentColor;
				CODE_SIGN_STYLE = Automatic;
				CURRENT_PROJECT_VERSION = 1;
				GENERATE_INFOPLIST_FILE = YES;
				INFOPLIST_FILE = Alert/Info.plist;
				INFOPLIST_KEY_UIApplicationSupportsIndirectInputEvents = YES;
				INFOPLIST_KEY_UILaunchStoryboardName = LaunchScreen;
				INFOPLIST_KEY_UIMainStoryboardFile = Main;
				INFOPLIST_KEY_UISupportedInterfaceOrientations_iPad = "UIInterfaceOrientationPortrait UIInterfaceOrientationPortraitUpsideDown UIInterfaceOrientationLandscapeLeft UIInterfaceOrientationLandscapeRight";
				INFOPLIST_KEY_UISupportedInterfaceOrientations_iPhone = "UIInterfaceOrientationPortrait UIInterfaceOrientationLandscapeLeft UIInterfaceOrientationLandscapeRight";
				LD_RUNPATH_SEARCH_PATHS = (
					"$(inherited)",
					"@executable_path/Frameworks",
				);
				MARKETING_VERSION = 1.0;
				PRODUCT_BUNDLE_IDENTIFIER = New.Alert;
				PRODUCT_NAME = "$(TARGET_NAME)";
				SWIFT_EMIT_LOC_STRINGS = YES;
				SWIFT_VERSION = 5.0;
				TARGETED_DEVICE_FAMILY = "1,2";
			};
			name = Release;
		};
		79694B0E27C3A9B90007FF49 /* Debug */ = {
			isa = XCBuildConfiguration;
			buildSettings = {
				ALWAYS_EMBED_SWIFT_STANDARD_LIBRARIES = YES;
				BUNDLE_LOADER = "$(TEST_HOST)";
				CODE_SIGN_STYLE = Automatic;
				CURRENT_PROJECT_VERSION = 1;
				GENERATE_INFOPLIST_FILE = YES;
				IPHONEOS_DEPLOYMENT_TARGET = 15.2;
				MARKETING_VERSION = 1.0;
				PRODUCT_BUNDLE_IDENTIFIER = New.AlertTests;
				PRODUCT_NAME = "$(TARGET_NAME)";
				SWIFT_EMIT_LOC_STRINGS = NO;
				SWIFT_VERSION = 5.0;
				TARGETED_DEVICE_FAMILY = "1,2";
				TEST_HOST = "$(BUILT_PRODUCTS_DIR)/Alert.app/Alert";
			};
			name = Debug;
		};
		79694B0F27C3A9B90007FF49 /* Release */ = {
			isa = XCBuildConfiguration;
			buildSettings = {
				ALWAYS_EMBED_SWIFT_STANDARD_LIBRARIES = YES;
				BUNDLE_LOADER = "$(TEST_HOST)";
				CODE_SIGN_STYLE = Automatic;
				CURRENT_PROJECT_VERSION = 1;
				GENERATE_INFOPLIST_FILE = YES;
				IPHONEOS_DEPLOYMENT_TARGET = 15.2;
				MARKETING_VERSION = 1.0;
				PRODUCT_BUNDLE_IDENTIFIER = New.AlertTests;
				PRODUCT_NAME = "$(TARGET_NAME)";
				SWIFT_EMIT_LOC_STRINGS = NO;
				SWIFT_VERSION = 5.0;
				TARGETED_DEVICE_FAMILY = "1,2";
				TEST_HOST = "$(BUILT_PRODUCTS_DIR)/Alert.app/Alert";
			};
			name = Release;
		};
		79694B1127C3A9B90007FF49 /* Debug */ = {
			isa = XCBuildConfiguration;
			buildSettings = {
				ALWAYS_EMBED_SWIFT_STANDARD_LIBRARIES = YES;
				CODE_SIGN_STYLE = Automatic;
				CURRENT_PROJECT_VERSION = 1;
				GENERATE_INFOPLIST_FILE = YES;
				MARKETING_VERSION = 1.0;
				PRODUCT_BUNDLE_IDENTIFIER = New.AlertUITests;
				PRODUCT_NAME = "$(TARGET_NAME)";
				SWIFT_EMIT_LOC_STRINGS = NO;
				SWIFT_VERSION = 5.0;
				TARGETED_DEVICE_FAMILY = "1,2";
				TEST_TARGET_NAME = Alert;
			};
			name = Debug;
		};
		79694B1227C3A9B90007FF49 /* Release */ = {
			isa = XCBuildConfiguration;
			buildSettings = {
				ALWAYS_EMBED_SWIFT_STANDARD_LIBRARIES = YES;
				CODE_SIGN_STYLE = Automatic;
				CURRENT_PROJECT_VERSION = 1;
				GENERATE_INFOPLIST_FILE = YES;
				MARKETING_VERSION = 1.0;
				PRODUCT_BUNDLE_IDENTIFIER = New.AlertUITests;
				PRODUCT_NAME = "$(TARGET_NAME)";
				SWIFT_EMIT_LOC_STRINGS = NO;
				SWIFT_VERSION = 5.0;
				TARGETED_DEVICE_FAMILY = "1,2";
				TEST_TARGET_NAME = Alert;
			};
			name = Release;
		};
/* End XCBuildConfiguration section */

/* Begin XCConfigurationList section */
		79694ADB27C3A9B50007FF49 /* Build configuration list for PBXProject "Alert" */ = {
			isa = XCConfigurationList;
			buildConfigurations = (
				79694B0827C3A9B90007FF49 /* Debug */,
				79694B0927C3A9B90007FF49 /* Release */,
			);
			defaultConfigurationIsVisible = 0;
			defaultConfigurationName = Release;
		};
		79694B0A27C3A9B90007FF49 /* Build configuration list for PBXNativeTarget "Alert" */ = {
			isa = XCConfigurationList;
			buildConfigurations = (
				79694B0B27C3A9B90007FF49 /* Debug */,
				79694B0C27C3A9B90007FF49 /* Release */,
			);
			defaultConfigurationIsVisible = 0;
			defaultConfigurationName = Release;
		};
		79694B0D27C3A9B90007FF49 /* Build configuration list for PBXNativeTarget "AlertTests" */ = {
			isa = XCConfigurationList;
			buildConfigurations = (
				79694B0E27C3A9B90007FF49 /* Debug */,
				79694B0F27C3A9B90007FF49 /* Release */,
			);
			defaultConfigurationIsVisible = 0;
			defaultConfigurationName = Release;
		};
		79694B1027C3A9B90007FF49 /* Build configuration list for PBXNativeTarget "AlertUITests" */ = {
			isa = XCConfigurationList;
			buildConfigurations = (
				79694B1127C3A9B90007FF49 /* Debug */,
				79694B1227C3A9B90007FF49 /* Release */,
			);
			defaultConfigurationIsVisible = 0;
			defaultConfigurationName = Release;
		};
/* End XCConfigurationList section */
	};
	rootObject = 79694AD827C3A9B50007FF49 /* Project object */;
}
